
Microsoft Visual Studio Solution File, Format Version 12.00
# Visual Studio 2012
Project("{FAE04EC0-301F-11D3-BF4B-00C04F79EFBC}") = "Abmes.UnityExtensions", "Abmes.UnityExtensions\Abmes.UnityExtensions.csproj", "{434A8348-E814-4808-B1B5-3DE6D15F61D7}"
EndProject
Global
	GlobalSection(SolutionConfigurationPlatforms) = preSolution
		Debug|Any CPU = Debug|Any CPU
		Release|Any CPU = Release|Any CPU
	EndGlobalSection
	GlobalSection(ProjectConfigurationPlatforms) = postSolution
		{434A8348-E814-4808-B1B5-3DE6D15F61D7}.Debug|Any CPU.ActiveCfg = Debug|Any CPU
		{434A8348-E814-4808-B1B5-3DE6D15F61D7}.Debug|Any CPU.Build.0 = Debug|Any CPU
		{434A8348-E814-4808-B1B5-3DE6D15F61D7}.Release|Any CPU.ActiveCfg = Release|Any CPU
		{434A8348-E814-4808-B1B5-3DE6D15F61D7}.Release|Any CPU.Build.0 = Release|Any CPU
	EndGlobalSection
	GlobalSection(SolutionProperties) = preSolution
		HideSolutionNode = FALSE
	EndGlobalSection
EndGlobal
